
Microsoft Visual Studio Solution File, Format Version 12.00
# Visual Studio Version 17
VisualStudioVersion = 17.14.36327.8
MinimumVisualStudioVersion = 10.0.40219.1
Project("{8BC9CEB8-8B4A-11D0-8D11-00A0C91BC942}") = "kmd", "us4oem\us4oem.vcxproj", "{1782CDA3-1C46-0E01-78EA-8C35308F93B0}"
EndProject
Project("{8BC9CEB8-8B4A-11D0-8D11-00A0C91BC942}") = "sample", "sample\sample.vcxproj", "{CB7B4A86-FDF1-32E7-6C7F-6AA99A89FDCB}"
EndProject
Project("{8BC9CEB8-8B4A-11D0-8D11-00A0C91BC942}") = "sdk", "sdk\sdk.vcxproj", "{F38080CA-B82F-8B77-33F1-E94676C02B8A}"
EndProject
Global
	GlobalSection(SolutionConfigurationPlatforms) = preSolution
		Debug|ARM64 = Debug|ARM64
		Debug|x64 = Debug|x64
		Release|ARM64 = Release|ARM64
		Release|x64 = Release|x64
	EndGlobalSection
	GlobalSection(ProjectConfigurationPlatforms) = postSolution
		{1782CDA3-1C46-0E01-78EA-8C35308F93B0}.Debug|ARM64.ActiveCfg = Debug|ARM64
		{1782CDA3-1C46-0E01-78EA-8C35308F93B0}.Debug|ARM64.Build.0 = Debug|ARM64
		{1782CDA3-1C46-0E01-78EA-8C35308F93B0}.Debug|ARM64.Deploy.0 = Debug|ARM64
		{1782CDA3-1C46-0E01-78EA-8C35308F93B0}.Debug|x64.ActiveCfg = Debug|x64
		{1782CDA3-1C46-0E01-78EA-8C35308F93B0}.Debug|x64.Build.0 = Debug|x64
		{1782CDA3-1C46-0E01-78EA-8C35308F93B0}.Debug|x64.Deploy.0 = Debug|x64
		{1782CDA3-1C46-0E01-78EA-8C35308F93B0}.Release|ARM64.ActiveCfg = Release|ARM64
		{1782CDA3-1C46-0E01-78EA-8C35308F93B0}.Release|ARM64.Build.0 = Release|ARM64
		{1782CDA3-1C46-0E01-78EA-8C35308F93B0}.Release|ARM64.Deploy.0 = Release|ARM64
		{1782CDA3-1C46-0E01-78EA-8C35308F93B0}.Release|x64.ActiveCfg = Release|x64
		{1782CDA3-1C46-0E01-78EA-8C35308F93B0}.Release|x64.Build.0 = Release|x64
		{1782CDA3-1C46-0E01-78EA-8C35308F93B0}.Release|x64.Deploy.0 = Release|x64
		{CB7B4A86-FDF1-32E7-6C7F-6AA99A89FDCB}.Debug|ARM64.ActiveCfg = Debug|ARM64
		{CB7B4A86-FDF1-32E7-6C7F-6AA99A89FDCB}.Debug|ARM64.Build.0 = Debug|ARM64
		{CB7B4A86-FDF1-32E7-6C7F-6AA99A89FDCB}.Debug|x64.ActiveCfg = Debug|x64
		{CB7B4A86-FDF1-32E7-6C7F-6AA99A89FDCB}.Release|ARM64.ActiveCfg = Release|ARM64
		{CB7B4A86-FDF1-32E7-6C7F-6AA99A89FDCB}.Release|ARM64.Build.0 = Release|ARM64
		{CB7B4A86-FDF1-32E7-6C7F-6AA99A89FDCB}.Release|x64.ActiveCfg = Release|x64
		{F38080CA-B82F-8B77-33F1-E94676C02B8A}.Debug|ARM64.ActiveCfg = Debug|ARM64
		{F38080CA-B82F-8B77-33F1-E94676C02B8A}.Debug|ARM64.Build.0 = Debug|ARM64
		{F38080CA-B82F-8B77-33F1-E94676C02B8A}.Debug|x64.ActiveCfg = Debug|x64
		{F38080CA-B82F-8B77-33F1-E94676C02B8A}.Debug|x64.Build.0 = Debug|x64
		{F38080CA-B82F-8B77-33F1-E94676C02B8A}.Release|ARM64.ActiveCfg = Release|ARM64
		{F38080CA-B82F-8B77-33F1-E94676C02B8A}.Release|ARM64.Build.0 = Release|ARM64
		{F38080CA-B82F-8B77-33F1-E94676C02B8A}.Release|x64.ActiveCfg = Release|x64
		{F38080CA-B82F-8B77-33F1-E94676C02B8A}.Release|x64.Build.0 = Release|x64
	EndGlobalSection
	GlobalSection(SolutionProperties) = preSolution
		HideSolutionNode = FALSE
	EndGlobalSection
	GlobalSection(ExtensibilityGlobals) = postSolution
		SolutionGuid = {14941A79-D377-4182-945D-A3E3B1E5BFCA}
	EndGlobalSection
EndGlobal
